
Microsoft Visual Studio Solution File, Format Version 12.00
# Visual Studio Version 16
VisualStudioVersion = 16.0.30011.22
MinimumVisualStudioVersion = 10.0.40219.1
Project("{9A19103F-16F7-4668-BE54-9A1E7A4F7556}") = "HungerMode", "HungerMode.csproj", "{6F7E64EF-39EC-4E9C-A343-5FD028D24F56}"
EndProject
Global
	GlobalSection(SolutionConfigurationPlatforms) = preSolution
		Debug|Any CPU = Debug|Any CPU
		Release|Any CPU = Release|Any CPU
	EndGlobalSection
	GlobalSection(ProjectConfigurationPlatforms) = postSolution
		{6F7E64EF-39EC-4E9C-A343-5FD028D24F56}.Debug|Any CPU.ActiveCfg = Debug|Any CPU
		{6F7E64EF-39EC-4E9C-A343-5FD028D24F56}.Debug|Any CPU.Build.0 = Debug|Any CPU
		{6F7E64EF-39EC-4E9C-A343-5FD028D24F56}.Release|Any CPU.ActiveCfg = Release|Any CPU
		{6F7E64EF-39EC-4E9C-A343-5FD028D24F56}.Release|Any CPU.Build.0 = Release|Any CPU
	EndGlobalSection
	GlobalSection(SolutionProperties) = preSolution
		HideSolutionNode = FALSE
	EndGlobalSection
	GlobalSection(ExtensibilityGlobals) = postSolution
		SolutionGuid = {A702D0F3-8A84-4A1E-9DBC-51239B739A95}
	EndGlobalSection
EndGlobal
